// !$*UTF8*$!
{
	archiveVersion = 1;
	classes = {
	};
	objectVersion = 55;
	objects = {

/* Begin PBXBuildFile section */
		4D107FA92801F7FF00DD803E /* Sound2.wav in Resources */ = {isa = PBXBuildFile; fileRef = 4D107FA52801F7FF00DD803E /* Sound2.wav */; };
		4D107FAD2801FB5100DD803E /* Launch Screen.storyboard in Resources */ = {isa = PBXBuildFile; fileRef = 4D107FAC2801FB5100DD803E /* Launch Screen.storyboard */; };
		4D3B54F8284F9852005EF7C6 /* ElegantCalendar in Frameworks */ = {isa = PBXBuildFile; productRef = 4D3B54F7284F9852005EF7C6 /* ElegantCalendar */; };
		4D3B54FB284FB2F7005EF7C6 /* SelectableCalendarView in Frameworks */ = {isa = PBXBuildFile; productRef = 4D3B54FA284FB2F7005EF7C6 /* SelectableCalendarView */; };
		4DEA638A282566D90089EFB4 /* ImagePicker.swift in Sources */ = {isa = PBXBuildFile; fileRef = 4DEA6389282566D90089EFB4 /* ImagePicker.swift */; };
		7CB413DF26EA824100544BA7 /* TimelineApp.swift in Sources */ = {isa = PBXBuildFile; fileRef = 7CB413DE26EA824100544BA7 /* TimelineApp.swift */; };
		7CB413E126EA824100544BA7 /* CalendarView.swift in Sources */ = {isa = PBXBuildFile; fileRef = 7CB413E026EA824100544BA7 /* CalendarView.swift */; };
		7CB413E326EA824300544BA7 /* Assets.xcassets in Resources */ = {isa = PBXBuildFile; fileRef = 7CB413E226EA824300544BA7 /* Assets.xcassets */; };
		7CB413F126EA97C500544BA7 /* Theme.swift in Sources */ = {isa = PBXBuildFile; fileRef = 7CB413F026EA97C500544BA7 /* Theme.swift */; };
		7CB413F326EABF1D00544BA7 /* Foundation.swift in Sources */ = {isa = PBXBuildFile; fileRef = 7CB413F226EABF1D00544BA7 /* Foundation.swift */; };
		7CB413F526EAC55200544BA7 /* ClubsView.swift in Sources */ = {isa = PBXBuildFile; fileRef = 7CB413F426EAC55200544BA7 /* ClubsView.swift */; };
		7CB413F726EAC76E00544BA7 /* TrailingIconLabelStyle.swift in Sources */ = {isa = PBXBuildFile; fileRef = 7CB413F626EAC76E00544BA7 /* TrailingIconLabelStyle.swift */; };
		7CB413F926EB9A1A00544BA7 /* EditClubsView.swift in Sources */ = {isa = PBXBuildFile; fileRef = 7CB413F826EB9A1A00544BA7 /* EditClubsView.swift */; };
		7CB413FB26EBAB0B00544BA7 /* DetailView.swift in Sources */ = {isa = PBXBuildFile; fileRef = 7CB413FA26EBAB0B00544BA7 /* DetailView.swift */; };
		7CB413FD26EBD16900544BA7 /* DetailEditView.swift in Sources */ = {isa = PBXBuildFile; fileRef = 7CB413FC26EBD16900544BA7 /* DetailEditView.swift */; };
		7CB413FF26EBE3DE00544BA7 /* ThemeView.swift in Sources */ = {isa = PBXBuildFile; fileRef = 7CB413FE26EBE3DE00544BA7 /* ThemeView.swift */; };
		7CB4140126EBE5E200544BA7 /* ThemePicker.swift in Sources */ = {isa = PBXBuildFile; fileRef = 7CB4140026EBE5E200544BA7 /* ThemePicker.swift */; };
		7CB4140C26EBF93800544BA7 /* AVPlayer.swift in Sources */ = {isa = PBXBuildFile; fileRef = 7CB4140B26EBF93800544BA7 /* AVPlayer.swift */; };
		7CC9776A26F39C00006053BE /* Storage.swift in Sources */ = {isa = PBXBuildFile; fileRef = 7CC9776926F39C00006053BE /* Storage.swift */; };
/* End PBXBuildFile section */

/* Begin PBXFileReference section */
		4D107FA52801F7FF00DD803E /* Sound2.wav */ = {isa = PBXFileReference; lastKnownFileType = audio.wav; path = Sound2.wav; sourceTree = "<group>"; };
		4D107FAC2801FB5100DD803E /* Launch Screen.storyboard */ = {isa = PBXFileReference; lastKnownFileType = file.storyboard; path = "Launch Screen.storyboard"; sourceTree = "<group>"; };
		4DEA6389282566D90089EFB4 /* ImagePicker.swift */ = {isa = PBXFileReference; fileEncoding = 4; lastKnownFileType = sourcecode.swift; path = ImagePicker.swift; sourceTree = "<group>"; };
		7CB413DB26EA824100544BA7 /* Timeline.app */ = {isa = PBXFileReference; explicitFileType = wrapper.application; includeInIndex = 0; path = Timeline.app; sourceTree = BUILT_PRODUCTS_DIR; };
		7CB413DE26EA824100544BA7 /* TimelineApp.swift */ = {isa = PBXFileReference; lastKnownFileType = sourcecode.swift; path = TimelineApp.swift; sourceTree = "<group>"; };
		7CB413E026EA824100544BA7 /* CalendarView.swift */ = {isa = PBXFileReference; lastKnownFileType = sourcecode.swift; path = CalendarView.swift; sourceTree = "<group>"; };
		7CB413E226EA824300544BA7 /* Assets.xcassets */ = {isa = PBXFileReference; lastKnownFileType = folder.assetcatalog; path = Assets.xcassets; sourceTree = "<group>"; };
		7CB413F026EA97C500544BA7 /* Theme.swift */ = {isa = PBXFileReference; lastKnownFileType = sourcecode.swift; path = Theme.swift; sourceTree = "<group>"; };
		7CB413F226EABF1D00544BA7 /* Foundation.swift */ = {isa = PBXFileReference; lastKnownFileType = sourcecode.swift; path = Foundation.swift; sourceTree = "<group>"; };
		7CB413F426EAC55200544BA7 /* ClubsView.swift */ = {isa = PBXFileReference; lastKnownFileType = sourcecode.swift; path = ClubsView.swift; sourceTree = "<group>"; };
		7CB413F626EAC76E00544BA7 /* TrailingIconLabelStyle.swift */ = {isa = PBXFileReference; lastKnownFileType = sourcecode.swift; path = TrailingIconLabelStyle.swift; sourceTree = "<group>"; };
		7CB413F826EB9A1A00544BA7 /* EditClubsView.swift */ = {isa = PBXFileReference; lastKnownFileType = sourcecode.swift; path = EditClubsView.swift; sourceTree = "<group>"; };
		7CB413FA26EBAB0B00544BA7 /* DetailView.swift */ = {isa = PBXFileReference; lastKnownFileType = sourcecode.swift; path = DetailView.swift; sourceTree = "<group>"; };
		7CB413FC26EBD16900544BA7 /* DetailEditView.swift */ = {isa = PBXFileReference; lastKnownFileType = sourcecode.swift; path = DetailEditView.swift; sourceTree = "<group>"; };
		7CB413FE26EBE3DE00544BA7 /* ThemeView.swift */ = {isa = PBXFileReference; lastKnownFileType = sourcecode.swift; path = ThemeView.swift; sourceTree = "<group>"; };
		7CB4140026EBE5E200544BA7 /* ThemePicker.swift */ = {isa = PBXFileReference; lastKnownFileType = sourcecode.swift; path = ThemePicker.swift; sourceTree = "<group>"; };
		7CB4140B26EBF93800544BA7 /* AVPlayer.swift */ = {isa = PBXFileReference; fileEncoding = 4; lastKnownFileType = sourcecode.swift; path = AVPlayer.swift; sourceTree = "<group>"; };
		7CC9776926F39C00006053BE /* Storage.swift */ = {isa = PBXFileReference; lastKnownFileType = sourcecode.swift; path = Storage.swift; sourceTree = "<group>"; };
/* End PBXFileReference section */

/* Begin PBXFrameworksBuildPhase section */
		7CB413D826EA824100544BA7 /* Frameworks */ = {
			isa = PBXFrameworksBuildPhase;
			buildActionMask = 2147483647;
			files = (
				4D3B54F8284F9852005EF7C6 /* ElegantCalendar in Frameworks */,
				4D3B54FB284FB2F7005EF7C6 /* SelectableCalendarView in Frameworks */,
			);
			runOnlyForDeploymentPostprocessing = 0;
		};
/* End PBXFrameworksBuildPhase section */

/* Begin PBXGroup section */
		7CB413D226EA824100544BA7 = {
			isa = PBXGroup;
			children = (
				7CB413DD26EA824100544BA7 /* Timeline */,
				7CB413DC26EA824100544BA7 /* Products */,
			);
			sourceTree = "<group>";
		};
		7CB413DC26EA824100544BA7 /* Products */ = {
			isa = PBXGroup;
			children = (
				7CB413DB26EA824100544BA7 /* Timeline.app */,
			);
			name = Products;
			sourceTree = "<group>";
		};
		7CB413DD26EA824100544BA7 /* Timeline */ = {
			isa = PBXGroup;
			children = (
				7CB413EF26EA97B300544BA7 /* Backend */,
				7CB413DE26EA824100544BA7 /* TimelineApp.swift */,
				7CB413F426EAC55200544BA7 /* ClubsView.swift */,
				7CB413F826EB9A1A00544BA7 /* EditClubsView.swift */,
				7CB413FA26EBAB0B00544BA7 /* DetailView.swift */,
				7CB413FC26EBD16900544BA7 /* DetailEditView.swift */,
				7CB413E026EA824100544BA7 /* CalendarView.swift */,
				7CB4140026EBE5E200544BA7 /* ThemePicker.swift */,
				7CB413FE26EBE3DE00544BA7 /* ThemeView.swift */,
				7CB413F626EAC76E00544BA7 /* TrailingIconLabelStyle.swift */,
				4DEA6389282566D90089EFB4 /* ImagePicker.swift */,
				7CB413E226EA824300544BA7 /* Assets.xcassets */,
				4D107FAC2801FB5100DD803E /* Launch Screen.storyboard */,
				7CB4140826EBF7AF00544BA7 /* Resources */,
			);
			path = Timeline;
			sourceTree = "<group>";
		};
		7CB413EF26EA97B300544BA7 /* Backend */ = {
			isa = PBXGroup;
			children = (
				7CB4140B26EBF93800544BA7 /* AVPlayer.swift */,
				7CB413F226EABF1D00544BA7 /* Foundation.swift */,
				7CC9776926F39C00006053BE /* Storage.swift */,
				7CB413F026EA97C500544BA7 /* Theme.swift */,
			);
			path = Backend;
			sourceTree = "<group>";
		};
		7CB4140826EBF7AF00544BA7 /* Resources */ = {
			isa = PBXGroup;
			children = (
				4D107FA52801F7FF00DD803E /* Sound2.wav */,
			);
			path = Resources;
			sourceTree = "<group>";
		};
/* End PBXGroup section */

/* Begin PBXNativeTarget section */
		7CB413DA26EA824100544BA7 /* Timeline */ = {
			isa = PBXNativeTarget;
			buildConfigurationList = 7CB413E926EA824300544BA7 /* Build configuration list for PBXNativeTarget "Timeline" */;
			buildPhases = (
				7CB413D726EA824100544BA7 /* Sources */,
				7CB413D826EA824100544BA7 /* Frameworks */,
				7CB413D926EA824100544BA7 /* Resources */,
			);
			buildRules = (
			);
			dependencies = (
			);
			name = Timeline;
			packageProductDependencies = (
				4D3B54F7284F9852005EF7C6 /* ElegantCalendar */,
				4D3B54FA284FB2F7005EF7C6 /* SelectableCalendarView */,
			);
			productName = Scrumdinger;
			productReference = 7CB413DB26EA824100544BA7 /* Timeline.app */;
			productType = "com.apple.product-type.application";
		};
/* End PBXNativeTarget section */

/* Begin PBXProject section */
		7CB413D326EA824100544BA7 /* Project object */ = {
			isa = PBXProject;
			attributes = {
				BuildIndependentTargetsInParallel = 1;
				LastSwiftUpdateCheck = 1300;
				LastUpgradeCheck = 1330;
				TargetAttributes = {
					7CB413DA26EA824100544BA7 = {
						CreatedOnToolsVersion = 13.0;
					};
				};
			};
			buildConfigurationList = 7CB413D626EA824100544BA7 /* Build configuration list for PBXProject "Timeline" */;
			compatibilityVersion = "Xcode 13.0";
			developmentRegion = en;
			hasScannedForEncodings = 0;
			knownRegions = (
				en,
				Base,
			);
			mainGroup = 7CB413D226EA824100544BA7;
			packageReferences = (
				4D3B54F6284F9852005EF7C6 /* XCRemoteSwiftPackageReference "ElegantCalendar" */,
				4D3B54F9284FB2F7005EF7C6 /* XCRemoteSwiftPackageReference "Selectable-Calendar-View" */,
			);
			productRefGroup = 7CB413DC26EA824100544BA7 /* Products */;
			projectDirPath = "";
			projectRoot = "";
			targets = (
				7CB413DA26EA824100544BA7 /* Timeline */,
			);
		};
/* End PBXProject section */

/* Begin PBXResourcesBuildPhase section */
		7CB413D926EA824100544BA7 /* Resources */ = {
			isa = PBXResourcesBuildPhase;
			buildActionMask = 2147483647;
			files = (
				4D107FA92801F7FF00DD803E /* Sound2.wav in Resources */,
				4D107FAD2801FB5100DD803E /* Launch Screen.storyboard in Resources */,
				7CB413E326EA824300544BA7 /* Assets.xcassets in Resources */,
			);
			runOnlyForDeploymentPostprocessing = 0;
		};
/* End PBXResourcesBuildPhase section */

/* Begin PBXSourcesBuildPhase section */
		7CB413D726EA824100544BA7 /* Sources */ = {
			isa = PBXSourcesBuildPhase;
			buildActionMask = 2147483647;
			files = (
				7CB4140126EBE5E200544BA7 /* ThemePicker.swift in Sources */,
				7CC9776A26F39C00006053BE /* Storage.swift in Sources */,
				7CB413F326EABF1D00544BA7 /* Foundation.swift in Sources */,
				4DEA638A282566D90089EFB4 /* ImagePicker.swift in Sources */,
				7CB413FB26EBAB0B00544BA7 /* DetailView.swift in Sources */,
				7CB413FD26EBD16900544BA7 /* DetailEditView.swift in Sources */,
				7CB413F726EAC76E00544BA7 /* TrailingIconLabelStyle.swift in Sources */,
				7CB413F126EA97C500544BA7 /* Theme.swift in Sources */,
				7CB413F926EB9A1A00544BA7 /* EditClubsView.swift in Sources */,
				7CB413E126EA824100544BA7 /* CalendarView.swift in Sources */,
				7CB4140C26EBF93800544BA7 /* AVPlayer.swift in Sources */,
				7CB413DF26EA824100544BA7 /* TimelineApp.swift in Sources */,
				7CB413FF26EBE3DE00544BA7 /* ThemeView.swift in Sources */,
				7CB413F526EAC55200544BA7 /* ClubsView.swift in Sources */,
			);
			runOnlyForDeploymentPostprocessing = 0;
		};
/* End PBXSourcesBuildPhase section */

/* Begin XCBuildConfiguration section */
		7CB413E726EA824300544BA7 /* Debug */ = {
			isa = XCBuildConfiguration;
			buildSettings = {
				ALWAYS_SEARCH_USER_PATHS = NO;
				CLANG_ANALYZER_NONNULL = YES;
				CLANG_ANALYZER_NUMBER_OBJECT_CONVERSION = YES_AGGRESSIVE;
				CLANG_CXX_LANGUAGE_STANDARD = "gnu++17";
				CLANG_CXX_LIBRARY = "libc++";
				CLANG_ENABLE_MODULES = YES;
				CLANG_ENABLE_OBJC_ARC = YES;
				CLANG_ENABLE_OBJC_WEAK = YES;
				CLANG_WARN_BLOCK_CAPTURE_AUTORELEASING = YES;
				CLANG_WARN_BOOL_CONVERSION = YES;
				CLANG_WARN_COMMA = YES;
				CLANG_WARN_CONSTANT_CONVERSION = YES;
				CLANG_WARN_DEPRECATED_OBJC_IMPLEMENTATIONS = YES;
				CLANG_WARN_DIRECT_OBJC_ISA_USAGE = YES_ERROR;
				CLANG_WARN_DOCUMENTATION_COMMENTS = YES;
				CLANG_WARN_EMPTY_BODY = YES;
				CLANG_WARN_ENUM_CONVERSION = YES;
				CLANG_WARN_INFINITE_RECURSION = YES;
				CLANG_WARN_INT_CONVERSION = YES;
				CLANG_WARN_NON_LITERAL_NULL_CONVERSION = YES;
				CLANG_WARN_OBJC_IMPLICIT_RETAIN_SELF = YES;
				CLANG_WARN_OBJC_LITERAL_CONVERSION = YES;
				CLANG_WARN_OBJC_ROOT_CLASS = YES_ERROR;
				CLANG_WARN_QUOTED_INCLUDE_IN_FRAMEWORK_HEADER = YES;
				CLANG_WARN_RANGE_LOOP_ANALYSIS = YES;
				CLANG_WARN_STRICT_PROTOTYPES = YES;
				CLANG_WARN_SUSPICIOUS_MOVE = YES;
				CLANG_WARN_UNGUARDED_AVAILABILITY = YES_AGGRESSIVE;
				CLANG_WARN_UNREACHABLE_CODE = YES;
				CLANG_WARN__DUPLICATE_METHOD_MATCH = YES;
				COPY_PHASE_STRIP = NO;
				DEBUG_INFORMATION_FORMAT = dwarf;
				ENABLE_STRICT_OBJC_MSGSEND = YES;
				ENABLE_TESTABILITY = YES;
				GCC_C_LANGUAGE_STANDARD = gnu11;
				GCC_DYNAMIC_NO_PIC = NO;
				GCC_NO_COMMON_BLOCKS = YES;
				GCC_OPTIMIZATION_LEVEL = 0;
				GCC_PREPROCESSOR_DEFINITIONS = (
					"DEBUG=1",
					"$(inherited)",
				);
				GCC_WARN_64_TO_32_BIT_CONVERSION = YES;
				GCC_WARN_ABOUT_RETURN_TYPE = YES_ERROR;
				GCC_WARN_UNDECLARED_SELECTOR = YES;
				GCC_WARN_UNINITIALIZED_AUTOS = YES_AGGRESSIVE;
				GCC_WARN_UNUSED_FUNCTION = YES;
				GCC_WARN_UNUSED_VARIABLE = YES;
				IPHONEOS_DEPLOYMENT_TARGET = 15.0;
				MTL_ENABLE_DEBUG_INFO = INCLUDE_SOURCE;
				MTL_FAST_MATH = YES;
				ONLY_ACTIVE_ARCH = YES;
				SDKROOT = iphoneos;
				SWIFT_ACTIVE_COMPILATION_CONDITIONS = DEBUG;
				SWIFT_OPTIMIZATION_LEVEL = "-Onone";
			};
			name = Debug;
		};
		7CB413E826EA824300544BA7 /* Release */ = {
			isa = XCBuildConfiguration;
			buildSettings = {
				ALWAYS_SEARCH_USER_PATHS = NO;
				CLANG_ANALYZER_NONNULL = YES;
				CLANG_ANALYZER_NUMBER_OBJECT_CONVERSION = YES_AGGRESSIVE;
				CLANG_CXX_LANGUAGE_STANDARD = "gnu++17";
				CLANG_CXX_LIBRARY = "libc++";
				CLANG_ENABLE_MODULES = YES;
				CLANG_ENABLE_OBJC_ARC = YES;
				CLANG_ENABLE_OBJC_WEAK = YES;
				CLANG_WARN_BLOCK_CAPTURE_AUTORELEASING = YES;
				CLANG_WARN_BOOL_CONVERSION = YES;
				CLANG_WARN_COMMA = YES;
				CLANG_WARN_CONSTANT_CONVERSION = YES;
				CLANG_WARN_DEPRECATED_OBJC_IMPLEMENTATIONS = YES;
				CLANG_WARN_DIRECT_OBJC_ISA_USAGE = YES_ERROR;
				CLANG_WARN_DOCUMENTATION_COMMENTS = YES;
				CLANG_WARN_EMPTY_BODY = YES;
				CLANG_WARN_ENUM_CONVERSION = YES;
				CLANG_WARN_INFINITE_RECURSION = YES;
				CLANG_WARN_INT_CONVERSION = YES;
				CLANG_WARN_NON_LITERAL_NULL_CONVERSION = YES;
				CLANG_WARN_OBJC_IMPLICIT_RETAIN_SELF = YES;
				CLANG_WARN_OBJC_LITERAL_CONVERSION = YES;
				CLANG_WARN_OBJC_ROOT_CLASS = YES_ERROR;
				CLANG_WARN_QUOTED_INCLUDE_IN_FRAMEWORK_HEADER = YES;
				CLANG_WARN_RANGE_LOOP_ANALYSIS = YES;
				CLANG_WARN_STRICT_PROTOTYPES = YES;
				CLANG_WARN_SUSPICIOUS_MOVE = YES;
				CLANG_WARN_UNGUARDED_AVAILABILITY = YES_AGGRESSIVE;
				CLANG_WARN_UNREACHABLE_CODE = YES;
				CLANG_WARN__DUPLICATE_METHOD_MATCH = YES;
				COPY_PHASE_STRIP = NO;
				DEBUG_INFORMATION_FORMAT = "dwarf-with-dsym";
				ENABLE_NS_ASSERTIONS = NO;
				ENABLE_STRICT_OBJC_MSGSEND = YES;
				GCC_C_LANGUAGE_STANDARD = gnu11;
				GCC_NO_COMMON_BLOCKS = YES;
				GCC_WARN_64_TO_32_BIT_CONVERSION = YES;
				GCC_WARN_ABOUT_RETURN_TYPE = YES_ERROR;
				GCC_WARN_UNDECLARED_SELECTOR = YES;
				GCC_WARN_UNINITIALIZED_AUTOS = YES_AGGRESSIVE;
				GCC_WARN_UNUSED_FUNCTION = YES;
				GCC_WARN_UNUSED_VARIABLE = YES;
				IPHONEOS_DEPLOYMENT_TARGET = 15.0;
				MTL_ENABLE_DEBUG_INFO = NO;
				MTL_FAST_MATH = YES;
				SDKROOT = iphoneos;
				SWIFT_COMPILATION_MODE = wholemodule;
				SWIFT_OPTIMIZATION_LEVEL = "-O";
				VALIDATE_PRODUCT = YES;
			};
			name = Release;
		};
		7CB413EA26EA824300544BA7 /* Debug */ = {
			isa = XCBuildConfiguration;
			buildSettings = {
				ASSETCATALOG_COMPILER_APPICON_NAME = AppIcon;
				ASSETCATALOG_COMPILER_GLOBAL_ACCENT_COLOR_NAME = AccentColor;
				CODE_SIGN_STYLE = Automatic;
				CURRENT_PROJECT_VERSION = 1;
				ENABLE_PREVIEWS = YES;
				GENERATE_INFOPLIST_FILE = YES;
				INFOPLIST_KEY_UIApplicationSceneManifest_Generation = YES;
				INFOPLIST_KEY_UIApplicationSupportsIndirectInputEvents = YES;
				INFOPLIST_KEY_UILaunchScreen_Generation = YES;
				INFOPLIST_KEY_UILaunchStoryboardName = "Launch Screen";
				INFOPLIST_KEY_UISupportedInterfaceOrientations_iPad = "UIInterfaceOrientationPortrait UIInterfaceOrientationPortraitUpsideDown UIInterfaceOrientationLandscapeLeft UIInterfaceOrientationLandscapeRight";
				INFOPLIST_KEY_UISupportedInterfaceOrientations_iPhone = "UIInterfaceOrientationPortrait UIInterfaceOrientationLandscapeLeft UIInterfaceOrientationLandscapeRight";
				IPHONEOS_DEPLOYMENT_TARGET = 15.0;
				LD_RUNPATH_SEARCH_PATHS = (
					"$(inherited)",
					"@executable_path/Frameworks",
				);
				MARKETING_VERSION = 1.0;
				PRODUCT_BUNDLE_IDENTIFIER = Timeline.MHS;
				PRODUCT_NAME = "$(TARGET_NAME)";
				SWIFT_EMIT_LOC_STRINGS = YES;
				SWIFT_VERSION = 5.0;
				TARGETED_DEVICE_FAMILY = "1,2";
			};
			name = Debug;
		};
		7CB413EB26EA824300544BA7 /* Release */ = {
			isa = XCBuildConfiguration;
			buildSettings = {
				ASSETCATALOG_COMPILER_APPICON_NAME = AppIcon;
				ASSETCATALOG_COMPILER_GLOBAL_ACCENT_COLOR_NAME = AccentColor;
				CODE_SIGN_STYLE = Automatic;
				CURRENT_PROJECT_VERSION = 1;
				ENABLE_PREVIEWS = YES;
				GENERATE_INFOPLIST_FILE = YES;
				INFOPLIST_KEY_UIApplicationSceneManifest_Generation = YES;
				INFOPLIST_KEY_UIApplicationSupportsIndirectInputEvents = YES;
				INFOPLIST_KEY_UILaunchScreen_Generation = YES;
				INFOPLIST_KEY_UILaunchStoryboardName = "Launch Screen";
				INFOPLIST_KEY_UISupportedInterfaceOrientations_iPad = "UIInterfaceOrientationPortrait UIInterfaceOrientationPortraitUpsideDown UIInterfaceOrientationLandscapeLeft UIInterfaceOrientationLandscapeRight";
				INFOPLIST_KEY_UISupportedInterfaceOrientations_iPhone = "UIInterfaceOrientationPortrait UIInterfaceOrientationLandscapeLeft UIInterfaceOrientationLandscapeRight";
				IPHONEOS_DEPLOYMENT_TARGET = 15.0;
				LD_RUNPATH_SEARCH_PATHS = (
					"$(inherited)",
					"@executable_path/Frameworks",
				);
				MARKETING_VERSION = 1.0;
				PRODUCT_BUNDLE_IDENTIFIER = Timeline.MHS;
				PRODUCT_NAME = "$(TARGET_NAME)";
				SWIFT_EMIT_LOC_STRINGS = YES;
				SWIFT_VERSION = 5.0;
				TARGETED_DEVICE_FAMILY = "1,2";
			};
			name = Release;
		};
/* End XCBuildConfiguration section */

/* Begin XCConfigurationList section */
		7CB413D626EA824100544BA7 /* Build configuration list for PBXProject "Timeline" */ = {
			isa = XCConfigurationList;
			buildConfigurations = (
				7CB413E726EA824300544BA7 /* Debug */,
				7CB413E826EA824300544BA7 /* Release */,
			);
			defaultConfigurationIsVisible = 0;
			defaultConfigurationName = Release;
		};
		7CB413E926EA824300544BA7 /* Build configuration list for PBXNativeTarget "Timeline" */ = {
			isa = XCConfigurationList;
			buildConfigurations = (
				7CB413EA26EA824300544BA7 /* Debug */,
				7CB413EB26EA824300544BA7 /* Release */,
			);
			defaultConfigurationIsVisible = 0;
			defaultConfigurationName = Release;
		};
/* End XCConfigurationList section */

/* Begin XCRemoteSwiftPackageReference section */
		4D3B54F6284F9852005EF7C6 /* XCRemoteSwiftPackageReference "ElegantCalendar" */ = {
			isa = XCRemoteSwiftPackageReference;
			repositoryURL = "https://github.com/ThasianX/ElegantCalendar";
			requirement = {
				kind = upToNextMajorVersion;
				minimumVersion = 4.0.0;
			};
		};
		4D3B54F9284FB2F7005EF7C6 /* XCRemoteSwiftPackageReference "Selectable-Calendar-View" */ = {
			isa = XCRemoteSwiftPackageReference;
			repositoryURL = "https://github.com/mszpro/Selectable-Calendar-View";
			requirement = {
				branch = main;
				kind = branch;
			};
		};
/* End XCRemoteSwiftPackageReference section */

/* Begin XCSwiftPackageProductDependency section */
		4D3B54F7284F9852005EF7C6 /* ElegantCalendar */ = {
			isa = XCSwiftPackageProductDependency;
			package = 4D3B54F6284F9852005EF7C6 /* XCRemoteSwiftPackageReference "ElegantCalendar" */;
			productName = ElegantCalendar;
		};
		4D3B54FA284FB2F7005EF7C6 /* SelectableCalendarView */ = {
			isa = XCSwiftPackageProductDependency;
			package = 4D3B54F9284FB2F7005EF7C6 /* XCRemoteSwiftPackageReference "Selectable-Calendar-View" */;
			productName = SelectableCalendarView;
		};
/* End XCSwiftPackageProductDependency section */
	};
	rootObject = 7CB413D326EA824100544BA7 /* Project object */;
}
